// !$*UTF8*$!
{
	archiveVersion = 1;
	classes = {
	};
	objectVersion = 56;
	objects = {

/* Begin PBXBuildFile section */
		E71849292AE0D4CF00677846 /* testAppApp.swift in Sources */ = {isa = PBXBuildFile; fileRef = E71849282AE0D4CF00677846 /* testAppApp.swift */; };
		E718492B2AE0D4CF00677846 /* ContentView.swift in Sources */ = {isa = PBXBuildFile; fileRef = E718492A2AE0D4CF00677846 /* ContentView.swift */; };
		E718492D2AE0D4D100677846 /* Assets.xcassets in Resources */ = {isa = PBXBuildFile; fileRef = E718492C2AE0D4D100677846 /* Assets.xcassets */; };
		E71849302AE0D4D100677846 /* Preview Assets.xcassets in Resources */ = {isa = PBXBuildFile; fileRef = E718492F2AE0D4D100677846 /* Preview Assets.xcassets */; };
		E718493A2AE0D4D100677846 /* testAppTests.swift in Sources */ = {isa = PBXBuildFile; fileRef = E71849392AE0D4D100677846 /* testAppTests.swift */; };
		E71849442AE0D4D100677846 /* testAppUITests.swift in Sources */ = {isa = PBXBuildFile; fileRef = E71849432AE0D4D100677846 /* testAppUITests.swift */; };
		E71849462AE0D4D100677846 /* testAppUITestsLaunchTests.swift in Sources */ = {isa = PBXBuildFile; fileRef = E71849452AE0D4D100677846 /* testAppUITestsLaunchTests.swift */; };
		E760B43C2AE8CFDA00897BE5 /* FirebaseAnalytics in Frameworks */ = {isa = PBXBuildFile; productRef = E760B43B2AE8CFDA00897BE5 /* FirebaseAnalytics */; };
		E760B43E2AE8CFDA00897BE5 /* FirebaseAuth in Frameworks */ = {isa = PBXBuildFile; productRef = E760B43D2AE8CFDA00897BE5 /* FirebaseAuth */; };
		E760B4402AE8CFDA00897BE5 /* FirebaseFirestore in Frameworks */ = {isa = PBXBuildFile; productRef = E760B43F2AE8CFDA00897BE5 /* FirebaseFirestore */; };
		E760B4422AE8CFDA00897BE5 /* FirebaseFirestoreSwift in Frameworks */ = {isa = PBXBuildFile; productRef = E760B4412AE8CFDA00897BE5 /* FirebaseFirestoreSwift */; };
		E760B4442AE8D0EF00897BE5 /* GoogleService-Info.plist in Resources */ = {isa = PBXBuildFile; fileRef = E760B4432AE8D0EE00897BE5 /* GoogleService-Info.plist */; };
/* End PBXBuildFile section */

/* Begin PBXContainerItemProxy section */
		E71849362AE0D4D100677846 /* PBXContainerItemProxy */ = {
			isa = PBXContainerItemProxy;
			containerPortal = E718491D2AE0D4CF00677846 /* Project object */;
			proxyType = 1;
			remoteGlobalIDString = E71849242AE0D4CF00677846;
			remoteInfo = testApp;
		};
		E71849402AE0D4D100677846 /* PBXContainerItemProxy */ = {
			isa = PBXContainerItemProxy;
			containerPortal = E718491D2AE0D4CF00677846 /* Project object */;
			proxyType = 1;
			remoteGlobalIDString = E71849242AE0D4CF00677846;
			remoteInfo = testApp;
		};
/* End PBXContainerItemProxy section */

/* Begin PBXFileReference section */
		E71849252AE0D4CF00677846 /* testApp.app */ = {isa = PBXFileReference; explicitFileType = wrapper.application; includeInIndex = 0; path = testApp.app; sourceTree = BUILT_PRODUCTS_DIR; };
		E71849282AE0D4CF00677846 /* testAppApp.swift */ = {isa = PBXFileReference; lastKnownFileType = sourcecode.swift; path = testAppApp.swift; sourceTree = "<group>"; };
		E718492A2AE0D4CF00677846 /* ContentView.swift */ = {isa = PBXFileReference; lastKnownFileType = sourcecode.swift; path = ContentView.swift; sourceTree = "<group>"; };
		E718492C2AE0D4D100677846 /* Assets.xcassets */ = {isa = PBXFileReference; lastKnownFileType = folder.assetcatalog; path = Assets.xcassets; sourceTree = "<group>"; };
		E718492F2AE0D4D100677846 /* Preview Assets.xcassets */ = {isa = PBXFileReference; lastKnownFileType = folder.assetcatalog; path = "Preview Assets.xcassets"; sourceTree = "<group>"; };
		E71849352AE0D4D100677846 /* testAppTests.xctest */ = {isa = PBXFileReference; explicitFileType = wrapper.cfbundle; includeInIndex = 0; path = testAppTests.xctest; sourceTree = BUILT_PRODUCTS_DIR; };
		E71849392AE0D4D100677846 /* testAppTests.swift */ = {isa = PBXFileReference; lastKnownFileType = sourcecode.swift; path = testAppTests.swift; sourceTree = "<group>"; };
		E718493F2AE0D4D100677846 /* testAppUITests.xctest */ = {isa = PBXFileReference; explicitFileType = wrapper.cfbundle; includeInIndex = 0; path = testAppUITests.xctest; sourceTree = BUILT_PRODUCTS_DIR; };
		E71849432AE0D4D100677846 /* testAppUITests.swift */ = {isa = PBXFileReference; lastKnownFileType = sourcecode.swift; path = testAppUITests.swift; sourceTree = "<group>"; };
		E71849452AE0D4D100677846 /* testAppUITestsLaunchTests.swift */ = {isa = PBXFileReference; lastKnownFileType = sourcecode.swift; path = testAppUITestsLaunchTests.swift; sourceTree = "<group>"; };
		E760B4432AE8D0EE00897BE5 /* GoogleService-Info.plist */ = {isa = PBXFileReference; fileEncoding = 4; lastKnownFileType = text.plist.xml; path = "GoogleService-Info.plist"; sourceTree = "<group>"; };
/* End PBXFileReference section */

/* Begin PBXFrameworksBuildPhase section */
		E71849222AE0D4CF00677846 /* Frameworks */ = {
			isa = PBXFrameworksBuildPhase;
			buildActionMask = 2147483647;
			files = (
				E760B43C2AE8CFDA00897BE5 /* FirebaseAnalytics in Frameworks */,
				E760B43E2AE8CFDA00897BE5 /* FirebaseAuth in Frameworks */,
				E760B4402AE8CFDA00897BE5 /* FirebaseFirestore in Frameworks */,
				E760B4422AE8CFDA00897BE5 /* FirebaseFirestoreSwift in Frameworks */,
			);
			runOnlyForDeploymentPostprocessing = 0;
		};
		E71849322AE0D4D100677846 /* Frameworks */ = {
			isa = PBXFrameworksBuildPhase;
			buildActionMask = 2147483647;
			files = (
			);
			runOnlyForDeploymentPostprocessing = 0;
		};
		E718493C2AE0D4D100677846 /* Frameworks */ = {
			isa = PBXFrameworksBuildPhase;
			buildActionMask = 2147483647;
			files = (
			);
			runOnlyForDeploymentPostprocessing = 0;
		};
/* End PBXFrameworksBuildPhase section */

/* Begin PBXGroup section */
		E718491C2AE0D4CF00677846 = {
			isa = PBXGroup;
			children = (
				E71849272AE0D4CF00677846 /* testApp */,
				E71849382AE0D4D100677846 /* testAppTests */,
				E71849422AE0D4D100677846 /* testAppUITests */,
				E71849262AE0D4CF00677846 /* Products */,
			);
			sourceTree = "<group>";
		};
		E71849262AE0D4CF00677846 /* Products */ = {
			isa = PBXGroup;
			children = (
				E71849252AE0D4CF00677846 /* testApp.app */,
				E71849352AE0D4D100677846 /* testAppTests.xctest */,
				E718493F2AE0D4D100677846 /* testAppUITests.xctest */,
			);
			name = Products;
			sourceTree = "<group>";
		};
		E71849272AE0D4CF00677846 /* testApp */ = {
			isa = PBXGroup;
			children = (
				E71849282AE0D4CF00677846 /* testAppApp.swift */,
				E760B4432AE8D0EE00897BE5 /* GoogleService-Info.plist */,
				E718492A2AE0D4CF00677846 /* ContentView.swift */,
				E718492C2AE0D4D100677846 /* Assets.xcassets */,
				E718492E2AE0D4D100677846 /* Preview Content */,
			);
			path = testApp;
			sourceTree = "<group>";
		};
		E718492E2AE0D4D100677846 /* Preview Content */ = {
			isa = PBXGroup;
			children = (
				E718492F2AE0D4D100677846 /* Preview Assets.xcassets */,
			);
			path = "Preview Content";
			sourceTree = "<group>";
		};
		E71849382AE0D4D100677846 /* testAppTests */ = {
			isa = PBXGroup;
			children = (
				E71849392AE0D4D100677846 /* testAppTests.swift */,
			);
			path = testAppTests;
			sourceTree = "<group>";
		};
		E71849422AE0D4D100677846 /* testAppUITests */ = {
			isa = PBXGroup;
			children = (
				E71849432AE0D4D100677846 /* testAppUITests.swift */,
				E71849452AE0D4D100677846 /* testAppUITestsLaunchTests.swift */,
			);
			path = testAppUITests;
			sourceTree = "<group>";
		};
/* End PBXGroup section */

/* Begin PBXNativeTarget section */
		E71849242AE0D4CF00677846 /* testApp */ = {
			isa = PBXNativeTarget;
			buildConfigurationList = E71849492AE0D4D100677846 /* Build configuration list for PBXNativeTarget "testApp" */;
			buildPhases = (
				E71849212AE0D4CF00677846 /* Sources */,
				E71849222AE0D4CF00677846 /* Frameworks */,
				E71849232AE0D4CF00677846 /* Resources */,
			);
			buildRules = (
			);
			dependencies = (
			);
			name = testApp;
			packageProductDependencies = (
				E760B43B2AE8CFDA00897BE5 /* FirebaseAnalytics */,
				E760B43D2AE8CFDA00897BE5 /* FirebaseAuth */,
				E760B43F2AE8CFDA00897BE5 /* FirebaseFirestore */,
				E760B4412AE8CFDA00897BE5 /* FirebaseFirestoreSwift */,
			);
			productName = testApp;
			productReference = E71849252AE0D4CF00677846 /* testApp.app */;
			productType = "com.apple.product-type.application";
		};
		E71849342AE0D4D100677846 /* testAppTests */ = {
			isa = PBXNativeTarget;
			buildConfigurationList = E718494C2AE0D4D100677846 /* Build configuration list for PBXNativeTarget "testAppTests" */;
			buildPhases = (
				E71849312AE0D4D100677846 /* Sources */,
				E71849322AE0D4D100677846 /* Frameworks */,
				E71849332AE0D4D100677846 /* Resources */,
			);
			buildRules = (
			);
			dependencies = (
				E71849372AE0D4D100677846 /* PBXTargetDependency */,
			);
			name = testAppTests;
			productName = testAppTests;
			productReference = E71849352AE0D4D100677846 /* testAppTests.xctest */;
			productType = "com.apple.product-type.bundle.unit-test";
		};
		E718493E2AE0D4D100677846 /* testAppUITests */ = {
			isa = PBXNativeTarget;
			buildConfigurationList = E718494F2AE0D4D100677846 /* Build configuration list for PBXNativeTarget "testAppUITests" */;
			buildPhases = (
				E718493B2AE0D4D100677846 /* Sources */,
				E718493C2AE0D4D100677846 /* Frameworks */,
				E718493D2AE0D4D100677846 /* Resources */,
			);
			buildRules = (
			);
			dependencies = (
				E71849412AE0D4D100677846 /* PBXTargetDependency */,
			);
			name = testAppUITests;
			productName = testAppUITests;
			productReference = E718493F2AE0D4D100677846 /* testAppUITests.xctest */;
			productType = "com.apple.product-type.bundle.ui-testing";
		};
/* End PBXNativeTarget section */

/* Begin PBXProject section */
		E718491D2AE0D4CF00677846 /* Project object */ = {
			isa = PBXProject;
			attributes = {
				BuildIndependentTargetsInParallel = 1;
				LastSwiftUpdateCheck = 1500;
				LastUpgradeCheck = 1500;
				TargetAttributes = {
					E71849242AE0D4CF00677846 = {
						CreatedOnToolsVersion = 15.0;
					};
					E71849342AE0D4D100677846 = {
						CreatedOnToolsVersion = 15.0;
						TestTargetID = E71849242AE0D4CF00677846;
					};
					E718493E2AE0D4D100677846 = {
						CreatedOnToolsVersion = 15.0;
						TestTargetID = E71849242AE0D4CF00677846;
					};
				};
			};
			buildConfigurationList = E71849202AE0D4CF00677846 /* Build configuration list for PBXProject "testApp" */;
			compatibilityVersion = "Xcode 14.0";
			developmentRegion = en;
			hasScannedForEncodings = 0;
			knownRegions = (
				en,
				Base,
			);
			mainGroup = E718491C2AE0D4CF00677846;
			packageReferences = (
				E760B43A2AE8CFDA00897BE5 /* XCRemoteSwiftPackageReference "firebase-ios-sdk" */,
			);
			productRefGroup = E71849262AE0D4CF00677846 /* Products */;
			projectDirPath = "";
			projectRoot = "";
			targets = (
				E71849242AE0D4CF00677846 /* testApp */,
				E71849342AE0D4D100677846 /* testAppTests */,
				E718493E2AE0D4D100677846 /* testAppUITests */,
			);
		};
/* End PBXProject section */

/* Begin PBXResourcesBuildPhase section */
		E71849232AE0D4CF00677846 /* Resources */ = {
			isa = PBXResourcesBuildPhase;
			buildActionMask = 2147483647;
			files = (
				E71849302AE0D4D100677846 /* Preview Assets.xcassets in Resources */,
				E718492D2AE0D4D100677846 /* Assets.xcassets in Resources */,
				E760B4442AE8D0EF00897BE5 /* GoogleService-Info.plist in Resources */,
			);
			runOnlyForDeploymentPostprocessing = 0;
		};
		E71849332AE0D4D100677846 /* Resources */ = {
			isa = PBXResourcesBuildPhase;
			buildActionMask = 2147483647;
			files = (
			);
			runOnlyForDeploymentPostprocessing = 0;
		};
		E718493D2AE0D4D100677846 /* Resources */ = {
			isa = PBXResourcesBuildPhase;
			buildActionMask = 2147483647;
			files = (
			);
			runOnlyForDeploymentPostprocessing = 0;
		};
/* End PBXResourcesBuildPhase section */

/* Begin PBXSourcesBuildPhase section */
		E71849212AE0D4CF00677846 /* Sources */ = {
			isa = PBXSourcesBuildPhase;
			buildActionMask = 2147483647;
			files = (
				E718492B2AE0D4CF00677846 /* ContentView.swift in Sources */,
				E71849292AE0D4CF00677846 /* testAppApp.swift in Sources */,
			);
			runOnlyForDeploymentPostprocessing = 0;
		};
		E71849312AE0D4D100677846 /* Sources */ = {
			isa = PBXSourcesBuildPhase;
			buildActionMask = 2147483647;
			files = (
				E718493A2AE0D4D100677846 /* testAppTests.swift in Sources */,
			);
			runOnlyForDeploymentPostprocessing = 0;
		};
		E718493B2AE0D4D100677846 /* Sources */ = {
			isa = PBXSourcesBuildPhase;
			buildActionMask = 2147483647;
			files = (
				E71849462AE0D4D100677846 /* testAppUITestsLaunchTests.swift in Sources */,
				E71849442AE0D4D100677846 /* testAppUITests.swift in Sources */,
			);
			runOnlyForDeploymentPostprocessing = 0;
		};
/* End PBXSourcesBuildPhase section */

/* Begin PBXTargetDependency section */
		E71849372AE0D4D100677846 /* PBXTargetDependency */ = {
			isa = PBXTargetDependency;
			target = E71849242AE0D4CF00677846 /* testApp */;
			targetProxy = E71849362AE0D4D100677846 /* PBXContainerItemProxy */;
		};
		E71849412AE0D4D100677846 /* PBXTargetDependency */ = {
			isa = PBXTargetDependency;
			target = E71849242AE0D4CF00677846 /* testApp */;
			targetProxy = E71849402AE0D4D100677846 /* PBXContainerItemProxy */;
		};
/* End PBXTargetDependency section */

/* Begin XCBuildConfiguration section */
		E71849472AE0D4D100677846 /* Debug */ = {
			isa = XCBuildConfiguration;
			buildSettings = {
				ALWAYS_SEARCH_USER_PATHS = NO;
				ASSETCATALOG_COMPILER_GENERATE_SWIFT_ASSET_SYMBOL_EXTENSIONS = YES;
				CLANG_ANALYZER_NONNULL = YES;
				CLANG_ANALYZER_NUMBER_OBJECT_CONVERSION = YES_AGGRESSIVE;
				CLANG_CXX_LANGUAGE_STANDARD = "gnu++20";
				CLANG_ENABLE_MODULES = YES;
				CLANG_ENABLE_OBJC_ARC = YES;
				CLANG_ENABLE_OBJC_WEAK = YES;
				CLANG_WARN_BLOCK_CAPTURE_AUTORELEASING = YES;
				CLANG_WARN_BOOL_CONVERSION = YES;
				CLANG_WARN_COMMA = YES;
				CLANG_WARN_CONSTANT_CONVERSION = YES;
				CLANG_WARN_DEPRECATED_OBJC_IMPLEMENTATIONS = YES;
				CLANG_WARN_DIRECT_OBJC_ISA_USAGE = YES_ERROR;
				CLANG_WARN_DOCUMENTATION_COMMENTS = YES;
				CLANG_WARN_EMPTY_BODY = YES;
				CLANG_WARN_ENUM_CONVERSION = YES;
				CLANG_WARN_INFINITE_RECURSION = YES;
				CLANG_WARN_INT_CONVERSION = YES;
				CLANG_WARN_NON_LITERAL_NULL_CONVERSION = YES;
				CLANG_WARN_OBJC_IMPLICIT_RETAIN_SELF = YES;
				CLANG_WARN_OBJC_LITERAL_CONVERSION = YES;
				CLANG_WARN_OBJC_ROOT_CLASS = YES_ERROR;
				CLANG_WARN_QUOTED_INCLUDE_IN_FRAMEWORK_HEADER = YES;
				CLANG_WARN_RANGE_LOOP_ANALYSIS = YES;
				CLANG_WARN_STRICT_PROTOTYPES = YES;
				CLANG_WARN_SUSPICIOUS_MOVE = YES;
				CLANG_WARN_UNGUARDED_AVAILABILITY = YES_AGGRESSIVE;
				CLANG_WARN_UNREACHABLE_CODE = YES;
				CLANG_WARN__DUPLICATE_METHOD_MATCH = YES;
				COPY_PHASE_STRIP = NO;
				DEBUG_INFORMATION_FORMAT = dwarf;
				ENABLE_STRICT_OBJC_MSGSEND = YES;
				ENABLE_TESTABILITY = YES;
				ENABLE_USER_SCRIPT_SANDBOXING = YES;
				GCC_C_LANGUAGE_STANDARD = gnu17;
				GCC_DYNAMIC_NO_PIC = NO;
				GCC_NO_COMMON_BLOCKS = YES;
				GCC_OPTIMIZATION_LEVEL = 0;
				GCC_PREPROCESSOR_DEFINITIONS = (
					"DEBUG=1",
					"$(inherited)",
				);
				GCC_WARN_64_TO_32_BIT_CONVERSION = YES;
				GCC_WARN_ABOUT_RETURN_TYPE = YES_ERROR;
				GCC_WARN_UNDECLARED_SELECTOR = YES;
				GCC_WARN_UNINITIALIZED_AUTOS = YES_AGGRESSIVE;
				GCC_WARN_UNUSED_FUNCTION = YES;
				GCC_WARN_UNUSED_VARIABLE = YES;
				IPHONEOS_DEPLOYMENT_TARGET = 17.0;
				LOCALIZATION_PREFERS_STRING_CATALOGS = YES;
				MTL_ENABLE_DEBUG_INFO = INCLUDE_SOURCE;
				MTL_FAST_MATH = YES;
				ONLY_ACTIVE_ARCH = YES;
				SDKROOT = iphoneos;
				SWIFT_ACTIVE_COMPILATION_CONDITIONS = "DEBUG $(inherited)";
				SWIFT_OPTIMIZATION_LEVEL = "-Onone";
			};
			name = Debug;
		};
		E71849482AE0D4D100677846 /* Release */ = {
			isa = XCBuildConfiguration;
			buildSettings = {
				ALWAYS_SEARCH_USER_PATHS = NO;
				ASSETCATALOG_COMPILER_GENERATE_SWIFT_ASSET_SYMBOL_EXTENSIONS = YES;
				CLANG_ANALYZER_NONNULL = YES;
				CLANG_ANALYZER_NUMBER_OBJECT_CONVERSION = YES_AGGRESSIVE;
				CLANG_CXX_LANGUAGE_STANDARD = "gnu++20";
				CLANG_ENABLE_MODULES = YES;
				CLANG_ENABLE_OBJC_ARC = YES;
				CLANG_ENABLE_OBJC_WEAK = YES;
				CLANG_WARN_BLOCK_CAPTURE_AUTORELEASING = YES;
				CLANG_WARN_BOOL_CONVERSION = YES;
				CLANG_WARN_COMMA = YES;
				CLANG_WARN_CONSTANT_CONVERSION = YES;
				CLANG_WARN_DEPRECATED_OBJC_IMPLEMENTATIONS = YES;
				CLANG_WARN_DIRECT_OBJC_ISA_USAGE = YES_ERROR;
				CLANG_WARN_DOCUMENTATION_COMMENTS = YES;
				CLANG_WARN_EMPTY_BODY = YES;
				CLANG_WARN_ENUM_CONVERSION = YES;
				CLANG_WARN_INFINITE_RECURSION = YES;
				CLANG_WARN_INT_CONVERSION = YES;
				CLANG_WARN_NON_LITERAL_NULL_CONVERSION = YES;
				CLANG_WARN_OBJC_IMPLICIT_RETAIN_SELF = YES;
				CLANG_WARN_OBJC_LITERAL_CONVERSION = YES;
				CLANG_WARN_OBJC_ROOT_CLASS = YES_ERROR;
				CLANG_WARN_QUOTED_INCLUDE_IN_FRAMEWORK_HEADER = YES;
				CLANG_WARN_RANGE_LOOP_ANALYSIS = YES;
				CLANG_WARN_STRICT_PROTOTYPES = YES;
				CLANG_WARN_SUSPICIOUS_MOVE = YES;
				CLANG_WARN_UNGUARDED_AVAILABILITY = YES_AGGRESSIVE;
				CLANG_WARN_UNREACHABLE_CODE = YES;
				CLANG_WARN__DUPLICATE_METHOD_MATCH = YES;
				COPY_PHASE_STRIP = NO;
				DEBUG_INFORMATION_FORMAT = "dwarf-with-dsym";
				ENABLE_NS_ASSERTIONS = NO;
				ENABLE_STRICT_OBJC_MSGSEND = YES;
				ENABLE_USER_SCRIPT_SANDBOXING = YES;
				GCC_C_LANGUAGE_STANDARD = gnu17;
				GCC_NO_COMMON_BLOCKS = YES;
				GCC_WARN_64_TO_32_BIT_CONVERSION = YES;
				GCC_WARN_ABOUT_RETURN_TYPE = YES_ERROR;
				GCC_WARN_UNDECLARED_SELECTOR = YES;
				GCC_WARN_UNINITIALIZED_AUTOS = YES_AGGRESSIVE;
				GCC_WARN_UNUSED_FUNCTION = YES;
				GCC_WARN_UNUSED_VARIABLE = YES;
				IPHONEOS_DEPLOYMENT_TARGET = 17.0;
				LOCALIZATION_PREFERS_STRING_CATALOGS = YES;
				MTL_ENABLE_DEBUG_INFO = NO;
				MTL_FAST_MATH = YES;
				SDKROOT = iphoneos;
				SWIFT_COMPILATION_MODE = wholemodule;
				VALIDATE_PRODUCT = YES;
			};
			name = Release;
		};
		E718494A2AE0D4D100677846 /* Debug */ = {
			isa = XCBuildConfiguration;
			buildSettings = {
				ASSETCATALOG_COMPILER_APPICON_NAME = AppIcon;
				ASSETCATALOG_COMPILER_GLOBAL_ACCENT_COLOR_NAME = AccentColor;
				CODE_SIGN_STYLE = Automatic;
				CURRENT_PROJECT_VERSION = 1;
				DEVELOPMENT_ASSET_PATHS = "\"testApp/Preview Content\"";
				DEVELOPMENT_TEAM = 926S7V37P6;
				ENABLE_PREVIEWS = YES;
				GENERATE_INFOPLIST_FILE = YES;
				INFOPLIST_KEY_CFBundleDisplayName = AdvoLink;
				INFOPLIST_KEY_LSApplicationCategoryType = "public.app-category.social-networking";
				INFOPLIST_KEY_UIApplicationSceneManifest_Generation = YES;
				INFOPLIST_KEY_UIApplicationSupportsIndirectInputEvents = YES;
				INFOPLIST_KEY_UILaunchScreen_Generation = YES;
				INFOPLIST_KEY_UISupportedInterfaceOrientations = UIInterfaceOrientationPortrait;
				LD_RUNPATH_SEARCH_PATHS = (
					"$(inherited)",
					"@executable_path/Frameworks",
				);
				MARKETING_VERSION = 1.0;
				PRODUCT_BUNDLE_IDENTIFIER = com.AdvoLink;
				PRODUCT_NAME = "$(TARGET_NAME)";
				SWIFT_EMIT_LOC_STRINGS = YES;
				SWIFT_VERSION = 5.0;
				TARGETED_DEVICE_FAMILY = "1,2";
			};
			name = Debug;
		};
		E718494B2AE0D4D100677846 /* Release */ = {
			isa = XCBuildConfiguration;
			buildSettings = {
				ASSETCATALOG_COMPILER_APPICON_NAME = AppIcon;
				ASSETCATALOG_COMPILER_GLOBAL_ACCENT_COLOR_NAME = AccentColor;
				CODE_SIGN_STYLE = Automatic;
				CURRENT_PROJECT_VERSION = 1;
				DEVELOPMENT_ASSET_PATHS = "\"testApp/Preview Content\"";
				DEVELOPMENT_TEAM = 926S7V37P6;
				ENABLE_PREVIEWS = YES;
				GENERATE_INFOPLIST_FILE = YES;
				INFOPLIST_KEY_CFBundleDisplayName = AdvoLink;
				INFOPLIST_KEY_LSApplicationCategoryType = "public.app-category.social-networking";
				INFOPLIST_KEY_UIApplicationSceneManifest_Generation = YES;
				INFOPLIST_KEY_UIApplicationSupportsIndirectInputEvents = YES;
				INFOPLIST_KEY_UILaunchScreen_Generation = YES;
				INFOPLIST_KEY_UISupportedInterfaceOrientations = UIInterfaceOrientationPortrait;
				LD_RUNPATH_SEARCH_PATHS = (
					"$(inherited)",
					"@executable_path/Frameworks",
				);
				MARKETING_VERSION = 1.0;
				PRODUCT_BUNDLE_IDENTIFIER = com.AdvoLink;
				PRODUCT_NAME = "$(TARGET_NAME)";
				SWIFT_EMIT_LOC_STRINGS = YES;
				SWIFT_VERSION = 5.0;
				TARGETED_DEVICE_FAMILY = "1,2";
			};
			name = Release;
		};
		E718494D2AE0D4D100677846 /* Debug */ = {
			isa = XCBuildConfiguration;
			buildSettings = {
				ALWAYS_EMBED_SWIFT_STANDARD_LIBRARIES = YES;
				BUNDLE_LOADER = "$(TEST_HOST)";
				CODE_SIGN_STYLE = Automatic;
				CURRENT_PROJECT_VERSION = 1;
				DEVELOPMENT_TEAM = 926S7V37P6;
				GENERATE_INFOPLIST_FILE = YES;
				IPHONEOS_DEPLOYMENT_TARGET = 17.0;
				MARKETING_VERSION = 1.0;
				PRODUCT_BUNDLE_IDENTIFIER = com.testApp.testAppTests;
				PRODUCT_NAME = "$(TARGET_NAME)";
				SWIFT_EMIT_LOC_STRINGS = NO;
				SWIFT_VERSION = 5.0;
				TARGETED_DEVICE_FAMILY = "1,2";
				TEST_HOST = "$(BUILT_PRODUCTS_DIR)/testApp.app/$(BUNDLE_EXECUTABLE_FOLDER_PATH)/testApp";
			};
			name = Debug;
		};
		E718494E2AE0D4D100677846 /* Release */ = {
			isa = XCBuildConfiguration;
			buildSettings = {
				ALWAYS_EMBED_SWIFT_STANDARD_LIBRARIES = YES;
				BUNDLE_LOADER = "$(TEST_HOST)";
				CODE_SIGN_STYLE = Automatic;
				CURRENT_PROJECT_VERSION = 1;
				DEVELOPMENT_TEAM = 926S7V37P6;
				GENERATE_INFOPLIST_FILE = YES;
				IPHONEOS_DEPLOYMENT_TARGET = 17.0;
				MARKETING_VERSION = 1.0;
				PRODUCT_BUNDLE_IDENTIFIER = com.testApp.testAppTests;
				PRODUCT_NAME = "$(TARGET_NAME)";
				SWIFT_EMIT_LOC_STRINGS = NO;
				SWIFT_VERSION = 5.0;
				TARGETED_DEVICE_FAMILY = "1,2";
				TEST_HOST = "$(BUILT_PRODUCTS_DIR)/testApp.app/$(BUNDLE_EXECUTABLE_FOLDER_PATH)/testApp";
			};
			name = Release;
		};
		E71849502AE0D4D100677846 /* Debug */ = {
			isa = XCBuildConfiguration;
			buildSettings = {
				ALWAYS_EMBED_SWIFT_STANDARD_LIBRARIES = YES;
				CODE_SIGN_STYLE = Automatic;
				CURRENT_PROJECT_VERSION = 1;
				DEVELOPMENT_TEAM = 926S7V37P6;
				GENERATE_INFOPLIST_FILE = YES;
				MARKETING_VERSION = 1.0;
				PRODUCT_BUNDLE_IDENTIFIER = com.testApp.testAppUITests;
				PRODUCT_NAME = "$(TARGET_NAME)";
				SWIFT_EMIT_LOC_STRINGS = NO;
				SWIFT_VERSION = 5.0;
				TARGETED_DEVICE_FAMILY = "1,2";
				TEST_TARGET_NAME = testApp;
			};
			name = Debug;
		};
		E71849512AE0D4D100677846 /* Release */ = {
			isa = XCBuildConfiguration;
			buildSettings = {
				ALWAYS_EMBED_SWIFT_STANDARD_LIBRARIES = YES;
				CODE_SIGN_STYLE = Automatic;
				CURRENT_PROJECT_VERSION = 1;
				DEVELOPMENT_TEAM = 926S7V37P6;
				GENERATE_INFOPLIST_FILE = YES;
				MARKETING_VERSION = 1.0;
				PRODUCT_BUNDLE_IDENTIFIER = com.testApp.testAppUITests;
				PRODUCT_NAME = "$(TARGET_NAME)";
				SWIFT_EMIT_LOC_STRINGS = NO;
				SWIFT_VERSION = 5.0;
				TARGETED_DEVICE_FAMILY = "1,2";
				TEST_TARGET_NAME = testApp;
			};
			name = Release;
		};
/* End XCBuildConfiguration section */

/* Begin XCConfigurationList section */
		E71849202AE0D4CF00677846 /* Build configuration list for PBXProject "testApp" */ = {
			isa = XCConfigurationList;
			buildConfigurations = (
				E71849472AE0D4D100677846 /* Debug */,
				E71849482AE0D4D100677846 /* Release */,
			);
			defaultConfigurationIsVisible = 0;
			defaultConfigurationName = Release;
		};
		E71849492AE0D4D100677846 /* Build configuration list for PBXNativeTarget "testApp" */ = {
			isa = XCConfigurationList;
			buildConfigurations = (
				E718494A2AE0D4D100677846 /* Debug */,
				E718494B2AE0D4D100677846 /* Release */,
			);
			defaultConfigurationIsVisible = 0;
			defaultConfigurationName = Release;
		};
		E718494C2AE0D4D100677846 /* Build configuration list for PBXNativeTarget "testAppTests" */ = {
			isa = XCConfigurationList;
			buildConfigurations = (
				E718494D2AE0D4D100677846 /* Debug */,
				E718494E2AE0D4D100677846 /* Release */,
			);
			defaultConfigurationIsVisible = 0;
			defaultConfigurationName = Release;
		};
		E718494F2AE0D4D100677846 /* Build configuration list for PBXNativeTarget "testAppUITests" */ = {
			isa = XCConfigurationList;
			buildConfigurations = (
				E71849502AE0D4D100677846 /* Debug */,
				E71849512AE0D4D100677846 /* Release */,
			);
			defaultConfigurationIsVisible = 0;
			defaultConfigurationName = Release;
		};
/* End XCConfigurationList section */

/* Begin XCRemoteSwiftPackageReference section */
		E760B43A2AE8CFDA00897BE5 /* XCRemoteSwiftPackageReference "firebase-ios-sdk" */ = {
			isa = XCRemoteSwiftPackageReference;
			repositoryURL = "https://github.com/firebase/firebase-ios-sdk";
			requirement = {
				kind = upToNextMajorVersion;
				minimumVersion = 10.16.0;
			};
		};
/* End XCRemoteSwiftPackageReference section */

/* Begin XCSwiftPackageProductDependency section */
		E760B43B2AE8CFDA00897BE5 /* FirebaseAnalytics */ = {
			isa = XCSwiftPackageProductDependency;
			package = E760B43A2AE8CFDA00897BE5 /* XCRemoteSwiftPackageReference "firebase-ios-sdk" */;
			productName = FirebaseAnalytics;
		};
		E760B43D2AE8CFDA00897BE5 /* FirebaseAuth */ = {
			isa = XCSwiftPackageProductDependency;
			package = E760B43A2AE8CFDA00897BE5 /* XCRemoteSwiftPackageReference "firebase-ios-sdk" */;
			productName = FirebaseAuth;
		};
		E760B43F2AE8CFDA00897BE5 /* FirebaseFirestore */ = {
			isa = XCSwiftPackageProductDependency;
			package = E760B43A2AE8CFDA00897BE5 /* XCRemoteSwiftPackageReference "firebase-ios-sdk" */;
			productName = FirebaseFirestore;
		};
		E760B4412AE8CFDA00897BE5 /* FirebaseFirestoreSwift */ = {
			isa = XCSwiftPackageProductDependency;
			package = E760B43A2AE8CFDA00897BE5 /* XCRemoteSwiftPackageReference "firebase-ios-sdk" */;
			productName = FirebaseFirestoreSwift;
		};
/* End XCSwiftPackageProductDependency section */
	};
	rootObject = E718491D2AE0D4CF00677846 /* Project object */;
}
